# THIS IS AN AUTOGENERATED FILE. DO NOT EDIT THIS FILE DIRECTLY.
# yarn lockfile v1


"@playwright/test@^1.52.0":
  version "1.53.1"
  resolved "https://registry.yarnpkg.com/@playwright/test/-/test-1.53.1.tgz#3ad5a2ce334b4a78390fd91e0a9d8423c09bc808"
  integrity sha512-Z4c23LHV0muZ8hfv4jw6HngPJkbbtZxTkxPNIg7cJcTc9C28N/p2q7g3JZS2SiKBBHJ3uM1dgDye66bB7LEk5w==
  dependencies:
    playwright "1.53.1"

"@types/node@^22.15.30":
  version "22.15.32"
  resolved "https://registry.yarnpkg.com/@types/node/-/node-22.15.32.tgz#c301cc2275b535a5e54bb81d516b1d2e9afe06e5"
  integrity sha512-3jigKqgSjsH6gYZv2nEsqdXfZqIFGAV36XYYjf9KGZ3PSG+IhLecqPnI310RvjutyMwifE2hhhNEklOUrvx/wA==
  dependencies:
    undici-types "~6.21.0"

axios-retry@^4.5.0:
  version "4.5.0"
  resolved "https://registry.yarnpkg.com/axios-retry/-/axios-retry-4.5.0.tgz#441fdc32cedf63d6abd5de5d53db3667afd4c39b"
  integrity sha512-aR99oXhpEDGo0UuAlYcn2iGRds30k366Zfa05XWScR9QaQD4JYiP3/1Qt1u7YlefUOK+cn0CcwoL1oefavQUlQ==
  dependencies:
    is-retry-allowed "^2.2.0"

fsevents@2.3.2:
  version "2.3.2"
  resolved "https://registry.yarnpkg.com/fsevents/-/fsevents-2.3.2.tgz#8a526f78b8fdf4623b709e0b975c52c24c02fd1a"
  integrity sha512-xiqMQR4xAeHTuB9uWm+fFRcIOgKBMiOBP+eXiyT7jsgVCq1bkVygt00oASowB7EdtpOHaaPgKt812P9ab+DDKA==

is-retry-allowed@^2.2.0:
  version "2.2.0"
  resolved "https://registry.yarnpkg.com/is-retry-allowed/-/is-retry-allowed-2.2.0.tgz#88f34cbd236e043e71b6932d09b0c65fb7b4d71d"
  integrity sha512-XVm7LOeLpTW4jV19QSH38vkswxoLud8sQ57YwJVTPWdiaI9I8keEhGFpBlslyVsgdQy4Opg8QOLb8YRgsyZiQg==

playwright-core@1.53.1:
  version "1.53.1"
  resolved "https://registry.yarnpkg.com/playwright-core/-/playwright-core-1.53.1.tgz#0b6f7a2006ccb6126ffcc3e3b2fa9efda23b6638"
  integrity sha512-Z46Oq7tLAyT0lGoFx4DOuB1IA9D1TPj0QkYxpPVUnGDqHHvDpCftu1J2hM2PiWsNMoZh8+LQaarAWcDfPBc6zg==

playwright@1.53.1:
  version "1.53.1"
  resolved "https://registry.yarnpkg.com/playwright/-/playwright-1.53.1.tgz#86fb041b237a6868d163c87c4b9737fd1cac145e"
  integrity sha512-LJ13YLr/ocweuwxyGf1XNFWIU4M2zUSo149Qbp+A4cpwDjsxRPj7k6H25LBrEHiEwxvRbD8HdwvQmRMSvquhYw==
  dependencies:
    playwright-core "1.53.1"
  optionalDependencies:
    fsevents "2.3.2"

undici-types@~6.21.0:
  version "6.21.0"
  resolved "https://registry.yarnpkg.com/undici-types/-/undici-types-6.21.0.tgz#691d00af3909be93a7faa13be61b3a5b50ef12cb"
  integrity sha512-iwDZqg0QAGrg9Rav5H4n0M64c3mkR59cJ6wQp+7C4nI0gsmExaedaYLNO44eT4AtBBwjbTiGPMlt2Md0T9H9JQ==
